
Microsoft Visual Studio Solution File, Format Version 12.00
# Visual Studio Version 16
VisualStudioVersion = 16.0.31005.135
MinimumVisualStudioVersion = 10.0.40219.1
Project("{FAE04EC0-301F-11D3-BF4B-00C04F79EFBC}") = "Game_Project", "Game_Project\Game_Project.csproj", "{22D7869B-7D6F-4822-92E5-B31CE180B9E7}"
EndProject
Global
	GlobalSection(SolutionConfigurationPlatforms) = preSolution
		Debug|Any CPU = Debug|Any CPU
		Release|Any CPU = Release|Any CPU
	EndGlobalSection
	GlobalSection(ProjectConfigurationPlatforms) = postSolution
		{22D7869B-7D6F-4822-92E5-B31CE180B9E7}.Debug|Any CPU.ActiveCfg = Debug|Any CPU
		{22D7869B-7D6F-4822-92E5-B31CE180B9E7}.Debug|Any CPU.Build.0 = Debug|Any CPU
		{22D7869B-7D6F-4822-92E5-B31CE180B9E7}.Release|Any CPU.ActiveCfg = Release|Any CPU
		{22D7869B-7D6F-4822-92E5-B31CE180B9E7}.Release|Any CPU.Build.0 = Release|Any CPU
	EndGlobalSection
	GlobalSection(SolutionProperties) = preSolution
		HideSolutionNode = FALSE
	EndGlobalSection
	GlobalSection(ExtensibilityGlobals) = postSolution
		SolutionGuid = {229F0D8F-1E6A-4BC8-9869-4F3BF83A3463}
	EndGlobalSection
EndGlobal
